// !$*UTF8*$!
{
	archiveVersion = 1;
	classes = {
	};
	objectVersion = 50;
	objects = {

/* Begin PBXBuildFile section */
		B516381722A60FC90049F783 /* ChooseFtpTableViewController.m in Sources */ = {isa = PBXBuildFile; fileRef = B516381622A60FC90049F783 /* ChooseFtpTableViewController.m */; };
		B516381A22A611820049F783 /* ConnectFtp.m in Sources */ = {isa = PBXBuildFile; fileRef = B516381922A611820049F783 /* ConnectFtp.m */; };
		B516381D22A6121B0049F783 /* FtpModel.m in Sources */ = {isa = PBXBuildFile; fileRef = B516381C22A6121B0049F783 /* FtpModel.m */; };
		B516382022A61FF80049F783 /* CopyFileViewController.m in Sources */ = {isa = PBXBuildFile; fileRef = B516381F22A61FF80049F783 /* CopyFileViewController.m */; };
		B5290F3022A4B6B8009B09C9 /* PhotoCollectionViewCell.m in Sources */ = {isa = PBXBuildFile; fileRef = B5290F2F22A4B6B8009B09C9 /* PhotoCollectionViewCell.m */; };
		B5290F3922A4BEBE009B09C9 /* PhotoModel.m in Sources */ = {isa = PBXBuildFile; fileRef = B5290F3822A4BEBE009B09C9 /* PhotoModel.m */; };
		B5290F3C22A4BF17009B09C9 /* PhotoCellFrame.m in Sources */ = {isa = PBXBuildFile; fileRef = B5290F3B22A4BF17009B09C9 /* PhotoCellFrame.m */; };
		B541D9C022A4F73E00B4291D /* NSObject+WZCommon.m in Sources */ = {isa = PBXBuildFile; fileRef = B541D9BD22A4F73E00B4291D /* NSObject+WZCommon.m */; };
		B541D9C122A4F73E00B4291D /* WZToast.m in Sources */ = {isa = PBXBuildFile; fileRef = B541D9BE22A4F73E00B4291D /* WZToast.m */; };
		B541D9C222A4F73E00B4291D /* WZMediaFetcher.m in Sources */ = {isa = PBXBuildFile; fileRef = B541D9BF22A4F73E00B4291D /* WZMediaFetcher.m */; };
		B541D9C522A521FE00B4291D /* testTableViewCell.m in Sources */ = {isa = PBXBuildFile; fileRef = B541D9C422A521FE00B4291D /* testTableViewCell.m */; };
		B5D3632922A12DC700136341 /* AppDelegate.m in Sources */ = {isa = PBXBuildFile; fileRef = B5D3632822A12DC700136341 /* AppDelegate.m */; };
		B5D3633122A12DC800136341 /* Assets.xcassets in Resources */ = {isa = PBXBuildFile; fileRef = B5D3633022A12DC800136341 /* Assets.xcassets */; };
		B5D3633422A12DC800136341 /* LaunchScreen.storyboard in Resources */ = {isa = PBXBuildFile; fileRef = B5D3633222A12DC800136341 /* LaunchScreen.storyboard */; };
		B5D3633722A12DC800136341 /* main.m in Sources */ = {isa = PBXBuildFile; fileRef = B5D3633622A12DC800136341 /* main.m */; };
		B5D3634722A12E2300136341 /* RootNavigationController.m in Sources */ = {isa = PBXBuildFile; fileRef = B5D3634222A12E2300136341 /* RootNavigationController.m */; };
		B5D3634822A12E2300136341 /* RootViewController.m in Sources */ = {isa = PBXBuildFile; fileRef = B5D3634522A12E2300136341 /* RootViewController.m */; };
		B5D3637322A12E3200136341 /* AddFtpTableViewController.m in Sources */ = {isa = PBXBuildFile; fileRef = B5D3634D22A12E3200136341 /* AddFtpTableViewController.m */; };
		B5D3637422A12E3200136341 /* TextfieldTableViewCell.m in Sources */ = {isa = PBXBuildFile; fileRef = B5D3635022A12E3200136341 /* TextfieldTableViewCell.m */; };
		B5D3637522A12E3200136341 /* MainTableViewController.m in Sources */ = {isa = PBXBuildFile; fileRef = B5D3635522A12E3200136341 /* MainTableViewController.m */; };
		B5D3637622A12E3200136341 /* Main.storyboard in Resources */ = {isa = PBXBuildFile; fileRef = B5D3635722A12E3200136341 /* Main.storyboard */; };
		B5D3637722A12E3200136341 /* DisplayCellFrame.m in Sources */ = {isa = PBXBuildFile; fileRef = B5D3635C22A12E3200136341 /* DisplayCellFrame.m */; };
		B5D3637822A12E3200136341 /* FtpViewController.m in Sources */ = {isa = PBXBuildFile; fileRef = B5D3635F22A12E3200136341 /* FtpViewController.m */; };
		B5D3637A22A12E3200136341 /* ChangeableCollectionViewCell.m in Sources */ = {isa = PBXBuildFile; fileRef = B5D3636422A12E3200136341 /* ChangeableCollectionViewCell.m */; };
		B5D3637B22A12E3200136341 /* PhotoListTableViewController.m in Sources */ = {isa = PBXBuildFile; fileRef = B5D3636A22A12E3200136341 /* PhotoListTableViewController.m */; };
		B5D3637C22A12E3200136341 /* PhotoDetailViewController.m in Sources */ = {isa = PBXBuildFile; fileRef = B5D3636C22A12E3200136341 /* PhotoDetailViewController.m */; };
/* End PBXBuildFile section */

/* Begin PBXFileReference section */
		B516381522A60FC90049F783 /* ChooseFtpTableViewController.h */ = {isa = PBXFileReference; lastKnownFileType = sourcecode.c.h; path = ChooseFtpTableViewController.h; sourceTree = "<group>"; };
		B516381622A60FC90049F783 /* ChooseFtpTableViewController.m */ = {isa = PBXFileReference; lastKnownFileType = sourcecode.c.objc; path = ChooseFtpTableViewController.m; sourceTree = "<group>"; };
		B516381822A611820049F783 /* ConnectFtp.h */ = {isa = PBXFileReference; lastKnownFileType = sourcecode.c.h; path = ConnectFtp.h; sourceTree = "<group>"; };
		B516381922A611820049F783 /* ConnectFtp.m */ = {isa = PBXFileReference; lastKnownFileType = sourcecode.c.objc; path = ConnectFtp.m; sourceTree = "<group>"; };
		B516381B22A6121B0049F783 /* FtpModel.h */ = {isa = PBXFileReference; lastKnownFileType = sourcecode.c.h; path = FtpModel.h; sourceTree = "<group>"; };
		B516381C22A6121B0049F783 /* FtpModel.m */ = {isa = PBXFileReference; lastKnownFileType = sourcecode.c.objc; path = FtpModel.m; sourceTree = "<group>"; };
		B516381E22A61FF80049F783 /* CopyFileViewController.h */ = {isa = PBXFileReference; lastKnownFileType = sourcecode.c.h; path = CopyFileViewController.h; sourceTree = "<group>"; };
		B516381F22A61FF80049F783 /* CopyFileViewController.m */ = {isa = PBXFileReference; lastKnownFileType = sourcecode.c.objc; path = CopyFileViewController.m; sourceTree = "<group>"; };
		B5290F2E22A4B6B8009B09C9 /* PhotoCollectionViewCell.h */ = {isa = PBXFileReference; lastKnownFileType = sourcecode.c.h; path = PhotoCollectionViewCell.h; sourceTree = "<group>"; };
		B5290F2F22A4B6B8009B09C9 /* PhotoCollectionViewCell.m */ = {isa = PBXFileReference; lastKnownFileType = sourcecode.c.objc; path = PhotoCollectionViewCell.m; sourceTree = "<group>"; };
		B5290F3222A4BA0E009B09C9 /* UtilsMacros.h */ = {isa = PBXFileReference; lastKnownFileType = sourcecode.c.h; path = UtilsMacros.h; sourceTree = "<group>"; };
		B5290F3322A4BA2A009B09C9 /* URLMacros.h */ = {isa = PBXFileReference; lastKnownFileType = sourcecode.c.h; path = URLMacros.h; sourceTree = "<group>"; };
		B5290F3422A4BA92009B09C9 /* CommonMacros.h */ = {isa = PBXFileReference; lastKnownFileType = sourcecode.c.h; path = CommonMacros.h; sourceTree = "<group>"; };
		B5290F3522A4BAB6009B09C9 /* FontAndColorMacros.h */ = {isa = PBXFileReference; lastKnownFileType = sourcecode.c.h; path = FontAndColorMacros.h; sourceTree = "<group>"; };
		B5290F3622A4BACE009B09C9 /* ThirdMacros.h */ = {isa = PBXFileReference; lastKnownFileType = sourcecode.c.h; path = ThirdMacros.h; sourceTree = "<group>"; };
		B5290F3722A4BEBE009B09C9 /* PhotoModel.h */ = {isa = PBXFileReference; lastKnownFileType = sourcecode.c.h; path = PhotoModel.h; sourceTree = "<group>"; };
		B5290F3822A4BEBE009B09C9 /* PhotoModel.m */ = {isa = PBXFileReference; lastKnownFileType = sourcecode.c.objc; path = PhotoModel.m; sourceTree = "<group>"; };
		B5290F3A22A4BF17009B09C9 /* PhotoCellFrame.h */ = {isa = PBXFileReference; lastKnownFileType = sourcecode.c.h; path = PhotoCellFrame.h; sourceTree = "<group>"; };
		B5290F3B22A4BF17009B09C9 /* PhotoCellFrame.m */ = {isa = PBXFileReference; lastKnownFileType = sourcecode.c.objc; path = PhotoCellFrame.m; sourceTree = "<group>"; };
		B541D9BA22A4F73E00B4291D /* NSObject+WZCommon.h */ = {isa = PBXFileReference; fileEncoding = 4; lastKnownFileType = sourcecode.c.h; path = "NSObject+WZCommon.h"; sourceTree = "<group>"; };
		B541D9BB22A4F73E00B4291D /* WZToast.h */ = {isa = PBXFileReference; fileEncoding = 4; lastKnownFileType = sourcecode.c.h; path = WZToast.h; sourceTree = "<group>"; };
		B541D9BC22A4F73E00B4291D /* WZMediaFetcher.h */ = {isa = PBXFileReference; fileEncoding = 4; lastKnownFileType = sourcecode.c.h; path = WZMediaFetcher.h; sourceTree = "<group>"; };
		B541D9BD22A4F73E00B4291D /* NSObject+WZCommon.m */ = {isa = PBXFileReference; fileEncoding = 4; lastKnownFileType = sourcecode.c.objc; path = "NSObject+WZCommon.m"; sourceTree = "<group>"; };
		B541D9BE22A4F73E00B4291D /* WZToast.m */ = {isa = PBXFileReference; fileEncoding = 4; lastKnownFileType = sourcecode.c.objc; path = WZToast.m; sourceTree = "<group>"; };
		B541D9BF22A4F73E00B4291D /* WZMediaFetcher.m */ = {isa = PBXFileReference; fileEncoding = 4; lastKnownFileType = sourcecode.c.objc; path = WZMediaFetcher.m; sourceTree = "<group>"; };
		B541D9C322A521FE00B4291D /* testTableViewCell.h */ = {isa = PBXFileReference; lastKnownFileType = sourcecode.c.h; path = testTableViewCell.h; sourceTree = "<group>"; };
		B541D9C422A521FE00B4291D /* testTableViewCell.m */ = {isa = PBXFileReference; lastKnownFileType = sourcecode.c.objc; path = testTableViewCell.m; sourceTree = "<group>"; };
		B5D3632422A12DC700136341 /* ECFTPManager.app */ = {isa = PBXFileReference; explicitFileType = wrapper.application; includeInIndex = 0; path = ECFTPManager.app; sourceTree = BUILT_PRODUCTS_DIR; };
		B5D3632722A12DC700136341 /* AppDelegate.h */ = {isa = PBXFileReference; lastKnownFileType = sourcecode.c.h; path = AppDelegate.h; sourceTree = "<group>"; };
		B5D3632822A12DC700136341 /* AppDelegate.m */ = {isa = PBXFileReference; lastKnownFileType = sourcecode.c.objc; path = AppDelegate.m; sourceTree = "<group>"; };
		B5D3633022A12DC800136341 /* Assets.xcassets */ = {isa = PBXFileReference; lastKnownFileType = folder.assetcatalog; path = Assets.xcassets; sourceTree = "<group>"; };
		B5D3633322A12DC800136341 /* Base */ = {isa = PBXFileReference; lastKnownFileType = file.storyboard; name = Base; path = Base.lproj/LaunchScreen.storyboard; sourceTree = "<group>"; };
		B5D3633522A12DC800136341 /* Info.plist */ = {isa = PBXFileReference; lastKnownFileType = text.plist.xml; path = Info.plist; sourceTree = "<group>"; };
		B5D3633622A12DC800136341 /* main.m */ = {isa = PBXFileReference; lastKnownFileType = sourcecode.c.objc; path = main.m; sourceTree = "<group>"; };
		B5D3633F22A12E0D00136341 /* PrefixHeader.pch */ = {isa = PBXFileReference; fileEncoding = 4; lastKnownFileType = sourcecode.c.h; path = PrefixHeader.pch; sourceTree = "<group>"; };
		B5D3634222A12E2300136341 /* RootNavigationController.m */ = {isa = PBXFileReference; fileEncoding = 4; lastKnownFileType = sourcecode.c.objc; path = RootNavigationController.m; sourceTree = "<group>"; };
		B5D3634322A12E2300136341 /* RootNavigationController.h */ = {isa = PBXFileReference; fileEncoding = 4; lastKnownFileType = sourcecode.c.h; path = RootNavigationController.h; sourceTree = "<group>"; };
		B5D3634522A12E2300136341 /* RootViewController.m */ = {isa = PBXFileReference; fileEncoding = 4; lastKnownFileType = sourcecode.c.objc; path = RootViewController.m; sourceTree = "<group>"; };
		B5D3634622A12E2300136341 /* RootViewController.h */ = {isa = PBXFileReference; fileEncoding = 4; lastKnownFileType = sourcecode.c.h; path = RootViewController.h; sourceTree = "<group>"; };
		B5D3634C22A12E3200136341 /* AddFtpTableViewController.h */ = {isa = PBXFileReference; fileEncoding = 4; lastKnownFileType = sourcecode.c.h; path = AddFtpTableViewController.h; sourceTree = "<group>"; };
		B5D3634D22A12E3200136341 /* AddFtpTableViewController.m */ = {isa = PBXFileReference; fileEncoding = 4; lastKnownFileType = sourcecode.c.objc; path = AddFtpTableViewController.m; sourceTree = "<group>"; };
		B5D3635022A12E3200136341 /* TextfieldTableViewCell.m */ = {isa = PBXFileReference; fileEncoding = 4; lastKnownFileType = sourcecode.c.objc; path = TextfieldTableViewCell.m; sourceTree = "<group>"; };
		B5D3635122A12E3200136341 /* TextfieldTableViewCell.h */ = {isa = PBXFileReference; fileEncoding = 4; lastKnownFileType = sourcecode.c.h; path = TextfieldTableViewCell.h; sourceTree = "<group>"; };
		B5D3635422A12E3200136341 /* MainTableViewController.h */ = {isa = PBXFileReference; fileEncoding = 4; lastKnownFileType = sourcecode.c.h; path = MainTableViewController.h; sourceTree = "<group>"; };
		B5D3635522A12E3200136341 /* MainTableViewController.m */ = {isa = PBXFileReference; fileEncoding = 4; lastKnownFileType = sourcecode.c.objc; path = MainTableViewController.m; sourceTree = "<group>"; };
		B5D3635822A12E3200136341 /* Base */ = {isa = PBXFileReference; lastKnownFileType = file.storyboard; name = Base; path = Base.lproj/Main.storyboard; sourceTree = "<group>"; };
		B5D3635B22A12E3200136341 /* DisplayCellFrame.h */ = {isa = PBXFileReference; fileEncoding = 4; lastKnownFileType = sourcecode.c.h; path = DisplayCellFrame.h; sourceTree = "<group>"; };
		B5D3635C22A12E3200136341 /* DisplayCellFrame.m */ = {isa = PBXFileReference; fileEncoding = 4; lastKnownFileType = sourcecode.c.objc; path = DisplayCellFrame.m; sourceTree = "<group>"; };
		B5D3635E22A12E3200136341 /* FtpViewController.h */ = {isa = PBXFileReference; fileEncoding = 4; lastKnownFileType = sourcecode.c.h; path = FtpViewController.h; sourceTree = "<group>"; };
		B5D3635F22A12E3200136341 /* FtpViewController.m */ = {isa = PBXFileReference; fileEncoding = 4; lastKnownFileType = sourcecode.c.objc; path = FtpViewController.m; sourceTree = "<group>"; };
		B5D3636422A12E3200136341 /* ChangeableCollectionViewCell.m */ = {isa = PBXFileReference; fileEncoding = 4; lastKnownFileType = sourcecode.c.objc; path = ChangeableCollectionViewCell.m; sourceTree = "<group>"; };
		B5D3636522A12E3200136341 /* ChangeableCollectionViewCell.h */ = {isa = PBXFileReference; fileEncoding = 4; lastKnownFileType = sourcecode.c.h; path = ChangeableCollectionViewCell.h; sourceTree = "<group>"; };
		B5D3636922A12E3200136341 /* PhotoDetailViewController.h */ = {isa = PBXFileReference; fileEncoding = 4; lastKnownFileType = sourcecode.c.h; path = PhotoDetailViewController.h; sourceTree = "<group>"; };
		B5D3636A22A12E3200136341 /* PhotoListTableViewController.m */ = {isa = PBXFileReference; fileEncoding = 4; lastKnownFileType = sourcecode.c.objc; path = PhotoListTableViewController.m; sourceTree = "<group>"; };
		B5D3636B22A12E3200136341 /* PhotoListTableViewController.h */ = {isa = PBXFileReference; fileEncoding = 4; lastKnownFileType = sourcecode.c.h; path = PhotoListTableViewController.h; sourceTree = "<group>"; };
		B5D3636C22A12E3200136341 /* PhotoDetailViewController.m */ = {isa = PBXFileReference; fileEncoding = 4; lastKnownFileType = sourcecode.c.objc; path = PhotoDetailViewController.m; sourceTree = "<group>"; };
/* End PBXFileReference section */

/* Begin PBXFrameworksBuildPhase section */
		B5D3632122A12DC700136341 /* Frameworks */ = {
			isa = PBXFrameworksBuildPhase;
			buildActionMask = 2147483647;
			files = (
			);
			runOnlyForDeploymentPostprocessing = 0;
		};
/* End PBXFrameworksBuildPhase section */

/* Begin PBXGroup section */
		B5290F3122A4B990009B09C9 /* Define */ = {
			isa = PBXGroup;
			children = (
				B5290F3222A4BA0E009B09C9 /* UtilsMacros.h */,
				B5290F3322A4BA2A009B09C9 /* URLMacros.h */,
				B5290F3422A4BA92009B09C9 /* CommonMacros.h */,
				B5290F3522A4BAB6009B09C9 /* FontAndColorMacros.h */,
				B5290F3622A4BACE009B09C9 /* ThirdMacros.h */,
			);
			path = Define;
			sourceTree = "<group>";
		};
		B5290F3D22A4CDF2009B09C9 /* Utils */ = {
			isa = PBXGroup;
			children = (
				B5290F3E22A4CE04009B09C9 /* DisplayPhotos */,
			);
			path = Utils;
			sourceTree = "<group>";
		};
		B5290F3E22A4CE04009B09C9 /* DisplayPhotos */ = {
			isa = PBXGroup;
			children = (
				B541D9B922A4F73E00B4291D /* WZMediaFetcher */,
				B5290F3F22A4CE0F009B09C9 /* ECMediaFetcher */,
			);
			path = DisplayPhotos;
			sourceTree = "<group>";
		};
		B5290F3F22A4CE0F009B09C9 /* ECMediaFetcher */ = {
			isa = PBXGroup;
			children = (
			);
			path = ECMediaFetcher;
			sourceTree = "<group>";
		};
		B541D9B922A4F73E00B4291D /* WZMediaFetcher */ = {
			isa = PBXGroup;
			children = (
				B541D9BA22A4F73E00B4291D /* NSObject+WZCommon.h */,
				B541D9BB22A4F73E00B4291D /* WZToast.h */,
				B541D9BC22A4F73E00B4291D /* WZMediaFetcher.h */,
				B541D9BD22A4F73E00B4291D /* NSObject+WZCommon.m */,
				B541D9BE22A4F73E00B4291D /* WZToast.m */,
				B541D9BF22A4F73E00B4291D /* WZMediaFetcher.m */,
			);
			path = WZMediaFetcher;
			sourceTree = "<group>";
		};
		B5D3631B22A12DC700136341 = {
			isa = PBXGroup;
			children = (
				B5D3632622A12DC700136341 /* ECFTPManager */,
				B5D3632522A12DC700136341 /* Products */,
			);
			sourceTree = "<group>";
		};
		B5D3632522A12DC700136341 /* Products */ = {
			isa = PBXGroup;
			children = (
				B5D3632422A12DC700136341 /* ECFTPManager.app */,
			);
			name = Products;
			sourceTree = "<group>";
		};
		B5D3632622A12DC700136341 /* ECFTPManager */ = {
			isa = PBXGroup;
			children = (
				B5D3633E22A12DEB00136341 /* AppDelegate */,
				B5D3634922A12E3200136341 /* Modules */,
				B5290F3D22A4CDF2009B09C9 /* Utils */,
				B5D3634022A12E2300136341 /* Base */,
				B5290F3122A4B990009B09C9 /* Define */,
				B5D3633D22A12DE200136341 /* Supporting Files */,
			);
			path = ECFTPManager;
			sourceTree = "<group>";
		};
		B5D3633D22A12DE200136341 /* Supporting Files */ = {
			isa = PBXGroup;
			children = (
				B5D3633022A12DC800136341 /* Assets.xcassets */,
				B5D3633222A12DC800136341 /* LaunchScreen.storyboard */,
				B5D3633522A12DC800136341 /* Info.plist */,
				B5D3633622A12DC800136341 /* main.m */,
				B5D3633F22A12E0D00136341 /* PrefixHeader.pch */,
			);
			name = "Supporting Files";
			sourceTree = "<group>";
		};
		B5D3633E22A12DEB00136341 /* AppDelegate */ = {
			isa = PBXGroup;
			children = (
				B5D3632722A12DC700136341 /* AppDelegate.h */,
				B5D3632822A12DC700136341 /* AppDelegate.m */,
			);
			name = AppDelegate;
			sourceTree = "<group>";
		};
		B5D3634022A12E2300136341 /* Base */ = {
			isa = PBXGroup;
			children = (
				B5D3634122A12E2300136341 /* NavigationController */,
				B5D3634422A12E2300136341 /* RootViewController */,
			);
			path = Base;
			sourceTree = "<group>";
		};
		B5D3634122A12E2300136341 /* NavigationController */ = {
			isa = PBXGroup;
			children = (
				B5D3634222A12E2300136341 /* RootNavigationController.m */,
				B5D3634322A12E2300136341 /* RootNavigationController.h */,
			);
			path = NavigationController;
			sourceTree = "<group>";
		};
		B5D3634422A12E2300136341 /* RootViewController */ = {
			isa = PBXGroup;
			children = (
				B5D3634622A12E2300136341 /* RootViewController.h */,
				B5D3634522A12E2300136341 /* RootViewController.m */,
			);
			path = RootViewController;
			sourceTree = "<group>";
		};
		B5D3634922A12E3200136341 /* Modules */ = {
			isa = PBXGroup;
			children = (
				B5D3634A22A12E3200136341 /* 添加Ftp */,
				B5D3635222A12E3200136341 /* 首页 */,
				B5D3635922A12E3200136341 /* 显示FTP文件 */,
				B5D3636622A12E3200136341 /* 照片库 */,
			);
			path = Modules;
			sourceTree = "<group>";
		};
		B5D3634A22A12E3200136341 /* 添加Ftp */ = {
			isa = PBXGroup;
			children = (
				B5D3634B22A12E3200136341 /* Controller */,
				B5D3634E22A12E3200136341 /* Model */,
				B5D3634F22A12E3200136341 /* View */,
			);
			path = "添加Ftp";
			sourceTree = "<group>";
		};
		B5D3634B22A12E3200136341 /* Controller */ = {
			isa = PBXGroup;
			children = (
				B5D3634C22A12E3200136341 /* AddFtpTableViewController.h */,
				B5D3634D22A12E3200136341 /* AddFtpTableViewController.m */,
			);
			path = Controller;
			sourceTree = "<group>";
		};
		B5D3634E22A12E3200136341 /* Model */ = {
			isa = PBXGroup;
			children = (
			);
			path = Model;
			sourceTree = "<group>";
		};
		B5D3634F22A12E3200136341 /* View */ = {
			isa = PBXGroup;
			children = (
				B5D3635022A12E3200136341 /* TextfieldTableViewCell.m */,
				B5D3635122A12E3200136341 /* TextfieldTableViewCell.h */,
			);
			path = View;
			sourceTree = "<group>";
		};
		B5D3635222A12E3200136341 /* 首页 */ = {
			isa = PBXGroup;
			children = (
				B5D3635322A12E3200136341 /* Controller */,
				B5D3635622A12E3200136341 /* View */,
			);
			path = "首页";
			sourceTree = "<group>";
		};
		B5D3635322A12E3200136341 /* Controller */ = {
			isa = PBXGroup;
			children = (
				B5D3635422A12E3200136341 /* MainTableViewController.h */,
				B5D3635522A12E3200136341 /* MainTableViewController.m */,
			);
			path = Controller;
			sourceTree = "<group>";
		};
		B5D3635622A12E3200136341 /* View */ = {
			isa = PBXGroup;
			children = (
				B5D3635722A12E3200136341 /* Main.storyboard */,
			);
			path = View;
			sourceTree = "<group>";
		};
		B5D3635922A12E3200136341 /* 显示FTP文件 */ = {
			isa = PBXGroup;
			children = (
				B5D3635A22A12E3200136341 /* Logic */,
				B5D3636022A12E3200136341 /* Model */,
				B5D3636322A12E3200136341 /* View */,
				B5D3635D22A12E3200136341 /* Controller */,
			);
			path = "显示FTP文件";
			sourceTree = "<group>";
		};
		B5D3635A22A12E3200136341 /* Logic */ = {
			isa = PBXGroup;
			children = (
				B5D3635B22A12E3200136341 /* DisplayCellFrame.h */,
				B5D3635C22A12E3200136341 /* DisplayCellFrame.m */,
				B516381822A611820049F783 /* ConnectFtp.h */,
				B516381922A611820049F783 /* ConnectFtp.m */,
			);
			path = Logic;
			sourceTree = "<group>";
		};
		B5D3635D22A12E3200136341 /* Controller */ = {
			isa = PBXGroup;
			children = (
				B5D3635E22A12E3200136341 /* FtpViewController.h */,
				B5D3635F22A12E3200136341 /* FtpViewController.m */,
			);
			path = Controller;
			sourceTree = "<group>";
		};
		B5D3636022A12E3200136341 /* Model */ = {
			isa = PBXGroup;
			children = (
				B516381B22A6121B0049F783 /* FtpModel.h */,
				B516381C22A6121B0049F783 /* FtpModel.m */,
			);
			path = Model;
			sourceTree = "<group>";
		};
		B5D3636322A12E3200136341 /* View */ = {
			isa = PBXGroup;
			children = (
				B5D3636522A12E3200136341 /* ChangeableCollectionViewCell.h */,
				B5D3636422A12E3200136341 /* ChangeableCollectionViewCell.m */,
			);
			path = View;
			sourceTree = "<group>";
		};
		B5D3636622A12E3200136341 /* 照片库 */ = {
			isa = PBXGroup;
			children = (
				B5D3636722A12E3200136341 /* Logic */,
				B5D3636D22A12E3200136341 /* Model */,
				B5D3637222A12E3200136341 /* View */,
				B5D3636822A12E3200136341 /* Controller */,
			);
			path = "照片库";
			sourceTree = "<group>";
		};
		B5D3636722A12E3200136341 /* Logic */ = {
			isa = PBXGroup;
			children = (
				B5290F3A22A4BF17009B09C9 /* PhotoCellFrame.h */,
				B5290F3B22A4BF17009B09C9 /* PhotoCellFrame.m */,
			);
			path = Logic;
			sourceTree = "<group>";
		};
		B5D3636822A12E3200136341 /* Controller */ = {
			isa = PBXGroup;
			children = (
				B5D3636922A12E3200136341 /* PhotoDetailViewController.h */,
				B5D3636C22A12E3200136341 /* PhotoDetailViewController.m */,
				B5D3636B22A12E3200136341 /* PhotoListTableViewController.h */,
				B5D3636A22A12E3200136341 /* PhotoListTableViewController.m */,
				B516381522A60FC90049F783 /* ChooseFtpTableViewController.h */,
				B516381622A60FC90049F783 /* ChooseFtpTableViewController.m */,
				B516381E22A61FF80049F783 /* CopyFileViewController.h */,
				B516381F22A61FF80049F783 /* CopyFileViewController.m */,
			);
			path = Controller;
			sourceTree = "<group>";
		};
		B5D3636D22A12E3200136341 /* Model */ = {
			isa = PBXGroup;
			children = (
				B5290F3722A4BEBE009B09C9 /* PhotoModel.h */,
				B5290F3822A4BEBE009B09C9 /* PhotoModel.m */,
			);
			path = Model;
			sourceTree = "<group>";
		};
		B5D3637222A12E3200136341 /* View */ = {
			isa = PBXGroup;
			children = (
				B5290F2E22A4B6B8009B09C9 /* PhotoCollectionViewCell.h */,
				B5290F2F22A4B6B8009B09C9 /* PhotoCollectionViewCell.m */,
				B541D9C322A521FE00B4291D /* testTableViewCell.h */,
				B541D9C422A521FE00B4291D /* testTableViewCell.m */,
			);
			path = View;
			sourceTree = "<group>";
		};
/* End PBXGroup section */

/* Begin PBXNativeTarget section */
		B5D3632322A12DC700136341 /* ECFTPManager */ = {
			isa = PBXNativeTarget;
			buildConfigurationList = B5D3633A22A12DC800136341 /* Build configuration list for PBXNativeTarget "ECFTPManager" */;
			buildPhases = (
				B5D3632022A12DC700136341 /* Sources */,
				B5D3632122A12DC700136341 /* Frameworks */,
				B5D3632222A12DC700136341 /* Resources */,
			);
			buildRules = (
			);
			dependencies = (
			);
			name = ECFTPManager;
			productName = ECFTPManager;
			productReference = B5D3632422A12DC700136341 /* ECFTPManager.app */;
			productType = "com.apple.product-type.application";
		};
/* End PBXNativeTarget section */

/* Begin PBXProject section */
		B5D3631C22A12DC700136341 /* Project object */ = {
			isa = PBXProject;
			attributes = {
				LastUpgradeCheck = 1020;
				ORGANIZATIONNAME = Emma;
				TargetAttributes = {
					B5D3632322A12DC700136341 = {
						CreatedOnToolsVersion = 10.2.1;
					};
				};
			};
			buildConfigurationList = B5D3631F22A12DC700136341 /* Build configuration list for PBXProject "ECFTPManager" */;
			compatibilityVersion = "Xcode 9.3";
			developmentRegion = en;
			hasScannedForEncodings = 0;
			knownRegions = (
				en,
				Base,
			);
			mainGroup = B5D3631B22A12DC700136341;
			productRefGroup = B5D3632522A12DC700136341 /* Products */;
			projectDirPath = "";
			projectRoot = "";
			targets = (
				B5D3632322A12DC700136341 /* ECFTPManager */,
			);
		};
/* End PBXProject section */

/* Begin PBXResourcesBuildPhase section */
		B5D3632222A12DC700136341 /* Resources */ = {
			isa = PBXResourcesBuildPhase;
			buildActionMask = 2147483647;
			files = (
				B5D3633422A12DC800136341 /* LaunchScreen.storyboard in Resources */,
				B5D3633122A12DC800136341 /* Assets.xcassets in Resources */,
				B5D3637622A12E3200136341 /* Main.storyboard in Resources */,
			);
			runOnlyForDeploymentPostprocessing = 0;
		};
/* End PBXResourcesBuildPhase section */

/* Begin PBXSourcesBuildPhase section */
		B5D3632022A12DC700136341 /* Sources */ = {
			isa = PBXSourcesBuildPhase;
			buildActionMask = 2147483647;
			files = (
				B5D3637522A12E3200136341 /* MainTableViewController.m in Sources */,
				B5290F3022A4B6B8009B09C9 /* PhotoCollectionViewCell.m in Sources */,
				B5D3637A22A12E3200136341 /* ChangeableCollectionViewCell.m in Sources */,
				B5D3637822A12E3200136341 /* FtpViewController.m in Sources */,
				B5D3637422A12E3200136341 /* TextfieldTableViewCell.m in Sources */,
				B516382022A61FF80049F783 /* CopyFileViewController.m in Sources */,
				B541D9C222A4F73E00B4291D /* WZMediaFetcher.m in Sources */,
				B5D3637C22A12E3200136341 /* PhotoDetailViewController.m in Sources */,
				B516381D22A6121B0049F783 /* FtpModel.m in Sources */,
				B541D9C122A4F73E00B4291D /* WZToast.m in Sources */,
				B516381722A60FC90049F783 /* ChooseFtpTableViewController.m in Sources */,
				B5D3637722A12E3200136341 /* DisplayCellFrame.m in Sources */,
				B5D3634722A12E2300136341 /* RootNavigationController.m in Sources */,
				B5D3633722A12DC800136341 /* main.m in Sources */,
				B5290F3922A4BEBE009B09C9 /* PhotoModel.m in Sources */,
				B5D3637B22A12E3200136341 /* PhotoListTableViewController.m in Sources */,
				B5D3632922A12DC700136341 /* AppDelegate.m in Sources */,
				B516381A22A611820049F783 /* ConnectFtp.m in Sources */,
				B5D3637322A12E3200136341 /* AddFtpTableViewController.m in Sources */,
				B5290F3C22A4BF17009B09C9 /* PhotoCellFrame.m in Sources */,
				B541D9C522A521FE00B4291D /* testTableViewCell.m in Sources */,
				B541D9C022A4F73E00B4291D /* NSObject+WZCommon.m in Sources */,
				B5D3634822A12E2300136341 /* RootViewController.m in Sources */,
			);
			runOnlyForDeploymentPostprocessing = 0;
		};
/* End PBXSourcesBuildPhase section */

/* Begin PBXVariantGroup section */
		B5D3633222A12DC800136341 /* LaunchScreen.storyboard */ = {
			isa = PBXVariantGroup;
			children = (
				B5D3633322A12DC800136341 /* Base */,
			);
			name = LaunchScreen.storyboard;
			sourceTree = "<group>";
		};
		B5D3635722A12E3200136341 /* Main.storyboard */ = {
			isa = PBXVariantGroup;
			children = (
				B5D3635822A12E3200136341 /* Base */,
			);
			name = Main.storyboard;
			sourceTree = "<group>";
		};
/* End PBXVariantGroup section */

/* Begin XCBuildConfiguration section */
		B5D3633822A12DC800136341 /* Debug */ = {
			isa = XCBuildConfiguration;
			buildSettings = {
				ALWAYS_SEARCH_USER_PATHS = NO;
				CLANG_ANALYZER_NONNULL = YES;
				CLANG_ANALYZER_NUMBER_OBJECT_CONVERSION = YES_AGGRESSIVE;
				CLANG_CXX_LANGUAGE_STANDARD = "gnu++14";
				CLANG_CXX_LIBRARY = "libc++";
				CLANG_ENABLE_MODULES = YES;
				CLANG_ENABLE_OBJC_ARC = YES;
				CLANG_ENABLE_OBJC_WEAK = YES;
				CLANG_WARN_BLOCK_CAPTURE_AUTORELEASING = YES;
				CLANG_WARN_BOOL_CONVERSION = YES;
				CLANG_WARN_COMMA = YES;
				CLANG_WARN_CONSTANT_CONVERSION = YES;
				CLANG_WARN_DEPRECATED_OBJC_IMPLEMENTATIONS = YES;
				CLANG_WARN_DIRECT_OBJC_ISA_USAGE = YES_ERROR;
				CLANG_WARN_DOCUMENTATION_COMMENTS = YES;
				CLANG_WARN_EMPTY_BODY = YES;
				CLANG_WARN_ENUM_CONVERSION = YES;
				CLANG_WARN_INFINITE_RECURSION = YES;
				CLANG_WARN_INT_CONVERSION = YES;
				CLANG_WARN_NON_LITERAL_NULL_CONVERSION = YES;
				CLANG_WARN_OBJC_IMPLICIT_RETAIN_SELF = YES;
				CLANG_WARN_OBJC_LITERAL_CONVERSION = YES;
				CLANG_WARN_OBJC_ROOT_CLASS = YES_ERROR;
				CLANG_WARN_RANGE_LOOP_ANALYSIS = YES;
				CLANG_WARN_STRICT_PROTOTYPES = YES;
				CLANG_WARN_SUSPICIOUS_MOVE = YES;
				CLANG_WARN_UNGUARDED_AVAILABILITY = YES_AGGRESSIVE;
				CLANG_WARN_UNREACHABLE_CODE = YES;
				CLANG_WARN__DUPLICATE_METHOD_MATCH = YES;
				CODE_SIGN_IDENTITY = "iPhone Developer";
				COPY_PHASE_STRIP = NO;
				DEBUG_INFORMATION_FORMAT = dwarf;
				ENABLE_STRICT_OBJC_MSGSEND = YES;
				ENABLE_TESTABILITY = YES;
				GCC_C_LANGUAGE_STANDARD = gnu11;
				GCC_DYNAMIC_NO_PIC = NO;
				GCC_NO_COMMON_BLOCKS = YES;
				GCC_OPTIMIZATION_LEVEL = 0;
				GCC_PREPROCESSOR_DEFINITIONS = (
					"DEBUG=1",
					"$(inherited)",
				);
				GCC_WARN_64_TO_32_BIT_CONVERSION = YES;
				GCC_WARN_ABOUT_RETURN_TYPE = YES_ERROR;
				GCC_WARN_UNDECLARED_SELECTOR = YES;
				GCC_WARN_UNINITIALIZED_AUTOS = YES_AGGRESSIVE;
				GCC_WARN_UNUSED_FUNCTION = YES;
				GCC_WARN_UNUSED_VARIABLE = YES;
				IPHONEOS_DEPLOYMENT_TARGET = 12.2;
				MTL_ENABLE_DEBUG_INFO = INCLUDE_SOURCE;
				MTL_FAST_MATH = YES;
				ONLY_ACTIVE_ARCH = YES;
				SDKROOT = iphoneos;
			};
			name = Debug;
		};
		B5D3633922A12DC800136341 /* Release */ = {
			isa = XCBuildConfiguration;
			buildSettings = {
				ALWAYS_SEARCH_USER_PATHS = NO;
				CLANG_ANALYZER_NONNULL = YES;
				CLANG_ANALYZER_NUMBER_OBJECT_CONVERSION = YES_AGGRESSIVE;
				CLANG_CXX_LANGUAGE_STANDARD = "gnu++14";
				CLANG_CXX_LIBRARY = "libc++";
				CLANG_ENABLE_MODULES = YES;
				CLANG_ENABLE_OBJC_ARC = YES;
				CLANG_ENABLE_OBJC_WEAK = YES;
				CLANG_WARN_BLOCK_CAPTURE_AUTORELEASING = YES;
				CLANG_WARN_BOOL_CONVERSION = YES;
				CLANG_WARN_COMMA = YES;
				CLANG_WARN_CONSTANT_CONVERSION = YES;
				CLANG_WARN_DEPRECATED_OBJC_IMPLEMENTATIONS = YES;
				CLANG_WARN_DIRECT_OBJC_ISA_USAGE = YES_ERROR;
				CLANG_WARN_DOCUMENTATION_COMMENTS = YES;
				CLANG_WARN_EMPTY_BODY = YES;
				CLANG_WARN_ENUM_CONVERSION = YES;
				CLANG_WARN_INFINITE_RECURSION = YES;
				CLANG_WARN_INT_CONVERSION = YES;
				CLANG_WARN_NON_LITERAL_NULL_CONVERSION = YES;
				CLANG_WARN_OBJC_IMPLICIT_RETAIN_SELF = YES;
				CLANG_WARN_OBJC_LITERAL_CONVERSION = YES;
				CLANG_WARN_OBJC_ROOT_CLASS = YES_ERROR;
				CLANG_WARN_RANGE_LOOP_ANALYSIS = YES;
				CLANG_WARN_STRICT_PROTOTYPES = YES;
				CLANG_WARN_SUSPICIOUS_MOVE = YES;
				CLANG_WARN_UNGUARDED_AVAILABILITY = YES_AGGRESSIVE;
				CLANG_WARN_UNREACHABLE_CODE = YES;
				CLANG_WARN__DUPLICATE_METHOD_MATCH = YES;
				CODE_SIGN_IDENTITY = "iPhone Developer";
				COPY_PHASE_STRIP = NO;
				DEBUG_INFORMATION_FORMAT = "dwarf-with-dsym";
				ENABLE_NS_ASSERTIONS = NO;
				ENABLE_STRICT_OBJC_MSGSEND = YES;
				GCC_C_LANGUAGE_STANDARD = gnu11;
				GCC_NO_COMMON_BLOCKS = YES;
				GCC_WARN_64_TO_32_BIT_CONVERSION = YES;
				GCC_WARN_ABOUT_RETURN_TYPE = YES_ERROR;
				GCC_WARN_UNDECLARED_SELECTOR = YES;
				GCC_WARN_UNINITIALIZED_AUTOS = YES_AGGRESSIVE;
				GCC_WARN_UNUSED_FUNCTION = YES;
				GCC_WARN_UNUSED_VARIABLE = YES;
				IPHONEOS_DEPLOYMENT_TARGET = 12.2;
				MTL_ENABLE_DEBUG_INFO = NO;
				MTL_FAST_MATH = YES;
				SDKROOT = iphoneos;
				VALIDATE_PRODUCT = YES;
			};
			name = Release;
		};
		B5D3633B22A12DC800136341 /* Debug */ = {
			isa = XCBuildConfiguration;
			buildSettings = {
				ASSETCATALOG_COMPILER_APPICON_NAME = AppIcon;
				CODE_SIGN_STYLE = Automatic;
				DEVELOPMENT_TEAM = FQFPSFXV9V;
				GCC_PREFIX_HEADER = "$(SRCROOT)/ECFTPManager/PrefixHeader.pch";
				INFOPLIST_FILE = ECFTPManager/Info.plist;
				LD_RUNPATH_SEARCH_PATHS = (
					"$(inherited)",
					"@executable_path/Frameworks",
				);
				PRODUCT_BUNDLE_IDENTIFIER = com.csike.ECFTPManager;
				PRODUCT_NAME = "$(TARGET_NAME)";
				TARGETED_DEVICE_FAMILY = "1,2";
			};
			name = Debug;
		};
		B5D3633C22A12DC800136341 /* Release */ = {
			isa = XCBuildConfiguration;
			buildSettings = {
				ASSETCATALOG_COMPILER_APPICON_NAME = AppIcon;
				CODE_SIGN_STYLE = Automatic;
				DEVELOPMENT_TEAM = FQFPSFXV9V;
				GCC_PREFIX_HEADER = "$(SRCROOT)/ECFTPManager/PrefixHeader.pch";
				INFOPLIST_FILE = ECFTPManager/Info.plist;
				LD_RUNPATH_SEARCH_PATHS = (
					"$(inherited)",
					"@executable_path/Frameworks",
				);
				PRODUCT_BUNDLE_IDENTIFIER = com.csike.ECFTPManager;
				PRODUCT_NAME = "$(TARGET_NAME)";
				TARGETED_DEVICE_FAMILY = "1,2";
			};
			name = Release;
		};
/* End XCBuildConfiguration section */

/* Begin XCConfigurationList section */
		B5D3631F22A12DC700136341 /* Build configuration list for PBXProject "ECFTPManager" */ = {
			isa = XCConfigurationList;
			buildConfigurations = (
				B5D3633822A12DC800136341 /* Debug */,
				B5D3633922A12DC800136341 /* Release */,
			);
			defaultConfigurationIsVisible = 0;
			defaultConfigurationName = Release;
		};
		B5D3633A22A12DC800136341 /* Build configuration list for PBXNativeTarget "ECFTPManager" */ = {
			isa = XCConfigurationList;
			buildConfigurations = (
				B5D3633B22A12DC800136341 /* Debug */,
				B5D3633C22A12DC800136341 /* Release */,
			);
			defaultConfigurationIsVisible = 0;
			defaultConfigurationName = Release;
		};
/* End XCConfigurationList section */
	};
	rootObject = B5D3631C22A12DC700136341 /* Project object */;
}
